{
  "originHash" : "679fe7bdf1b0693f8f415e201962121de7e683fdf76c9af69675c388cbece04d",
  "pins" : [
    {
      "identity" : "associatedobject",
      "kind" : "remoteSourceControl",
      "location" : "https://github.com/p-x9/AssociatedObject",
      "state" : {
        "revision" : "9454715a21dfb346bf5d467da4e19b70a7f4ba87",
        "version" : "0.14.0"
      }
    },
    {
      "identity" : "binarycodable",
      "kind" : "remoteSourceControl",
      "location" : "https://github.com/christophhagen/BinaryCodable",
      "state" : {
        "revision" : "53f057050f3c78a1997ed0218337fd92d2eba2b5",
        "version" : "3.1.1"
      }
    },
    {
      "identity" : "combine-schedulers",
      "kind" : "remoteSourceControl",
      "location" : "https://github.com/pointfreeco/combine-schedulers",
      "state" : {
        "revision" : "fd16d76fd8b9a976d88bfb6cacc05ca8d19c91b6",
        "version" : "1.1.0"
      }
    },
    {
      "identity" : "dyldprivate",
      "kind" : "remoteSourceControl",
      "location" : "https://github.com/MxIris-Reverse-Engineering/DyldPrivate",
      "state" : {
        "branch" : "main",
        "revision" : "3b4d596b702d7c8f589d0babe42c7387e5d24dbc"
      }
    },
    {
      "identity" : "frameworktoolbox",
      "kind" : "remoteSourceControl",
      "location" : "https://github.com/Mx-Iris/FrameworkToolbox",
      "state" : {
        "branch" : "main",
        "revision" : "d6cb4d1605aed68f6baafc14afc19950746dc543"
      }
    },
    {
      "identity" : "machokit",
      "kind" : "remoteSourceControl",
      "location" : "https://github.com/p-x9/MachOKit.git",
      "state" : {
        "revision" : "315b6e255f2bd832b1b703d0792cace746ec4b29",
        "version" : "0.42.0"
      }
    },
    {
      "identity" : "machoobjcsection",
      "kind" : "remoteSourceControl",
      "location" : "https://github.com/p-x9/MachOObjCSection",
      "state" : {
        "revision" : "c29eaabba18d8880851cd92339f433aa19204d91",
        "version" : "0.5.0"
      }
    },
    {
      "identity" : "metacodable",
      "kind" : "remoteSourceControl",
      "location" : "https://github.com/SwiftyLab/MetaCodable",
      "state" : {
        "revision" : "e2b09b4ceed09c972adb7f48572446d07a1c0e16",
        "version" : "1.5.0"
      }
    },
    {
      "identity" : "rainbow",
      "kind" : "remoteSourceControl",
      "location" : "https://github.com/onevcat/Rainbow",
      "state" : {
        "revision" : "16da5c62dd737258c6df2e8c430f8a3202f655a7",
        "version" : "4.2.0"
      }
    },
    {
      "identity" : "sourcekitd",
      "kind" : "remoteSourceControl",
      "location" : "https://github.com/Mx-Iris/SourceKitD",
      "state" : {
        "branch" : "main",
        "revision" : "47ddc958a3962f9bb0fe08de1c8f39723e472228"
      }
    },
    {
      "identity" : "swift-apinotes",
      "kind" : "remoteSourceControl",
      "location" : "https://github.com/MxIris-DeveloperTool-Forks/swift-apinotes",
      "state" : {
        "branch" : "main",
        "revision" : "2fe208c1824f053c04778c5dad2a6fe93d8ab3bf"
      }
    },
    {
      "identity" : "swift-argument-parser",
      "kind" : "remoteSourceControl",
      "location" : "https://github.com/apple/swift-argument-parser",
      "state" : {
        "revision" : "cdd0ef3755280949551dc26dee5de9ddeda89f54",
        "version" : "1.6.2"
      }
    },
    {
      "identity" : "swift-async-algorithms",
      "kind" : "remoteSourceControl",
      "location" : "https://github.com/apple/swift-async-algorithms",
      "state" : {
        "revision" : "2773d4125311133a2f705ec374c363a935069d45",
        "version" : "1.1.0"
      }
    },
    {
      "identity" : "swift-clocks",
      "kind" : "remoteSourceControl",
      "location" : "https://github.com/pointfreeco/swift-clocks",
      "state" : {
        "revision" : "cc46202b53476d64e824e0b6612da09d84ffde8e",
        "version" : "1.0.6"
      }
    },
    {
      "identity" : "swift-cmark",
      "kind" : "remoteSourceControl",
      "location" : "https://github.com/swiftlang/swift-cmark.git",
      "state" : {
        "revision" : "5d9bdaa4228b381639fff09403e39a04926e2dbe",
        "version" : "0.7.1"
      }
    },
    {
      "identity" : "swift-collections",
      "kind" : "remoteSourceControl",
      "location" : "https://github.com/apple/swift-collections",
      "state" : {
        "revision" : "7b847a3b7008b2dc2f47ca3110d8c782fb2e5c7e",
        "version" : "1.3.0"
      }
    },
    {
      "identity" : "swift-concurrency-extras",
      "kind" : "remoteSourceControl",
      "location" : "https://github.com/pointfreeco/swift-concurrency-extras",
      "state" : {
        "revision" : "5a3825302b1a0d744183200915a47b508c828e6f",
        "version" : "1.3.2"
      }
    },
    {
      "identity" : "swift-dependencies",
      "kind" : "remoteSourceControl",
      "location" : "https://github.com/pointfreeco/swift-dependencies",
      "state" : {
        "revision" : "a10f9feeb214bc72b5337b6ef6d5a029360db4cc",
        "version" : "1.10.0"
      }
    },
    {
      "identity" : "swift-fileio",
      "kind" : "remoteSourceControl",
      "location" : "https://github.com/p-x9/swift-fileio.git",
      "state" : {
        "revision" : "76a4c719e796a1e5052e283788d8cd92408758fe",
        "version" : "0.12.0"
      }
    },
    {
      "identity" : "swift-literal-type-inference",
      "kind" : "remoteSourceControl",
      "location" : "https://github.com/p-x9/swift-literal-type-inference.git",
      "state" : {
        "revision" : "898d4a8c5920a3a47d70a43e76d708697e14cd72",
        "version" : "0.5.0"
      }
    },
    {
      "identity" : "swift-log",
      "kind" : "remoteSourceControl",
      "location" : "https://github.com/apple/swift-log.git",
      "state" : {
        "revision" : "ce592ae52f982c847a4efc0dd881cc9eb32d29f2",
        "version" : "1.6.4"
      }
    },
    {
      "identity" : "swift-macro-toolkit",
      "kind" : "remoteSourceControl",
      "location" : "https://github.com/stackotter/swift-macro-toolkit",
      "state" : {
        "revision" : "d319bcc2586f7dbc6a09c05792105078263f1ed3",
        "version" : "0.7.2"
      }
    },
    {
      "identity" : "swift-markdown",
      "kind" : "remoteSourceControl",
      "location" : "https://github.com/apple/swift-markdown",
      "state" : {
        "revision" : "7d9a5ce307528578dfa777d505496bd5f544ad94",
        "version" : "0.7.3"
      }
    },
    {
      "identity" : "swift-memberwise-init-macro",
      "kind" : "remoteSourceControl",
      "location" : "https://github.com/MxIris-Library-Forks/swift-memberwise-init-macro",
      "state" : {
        "revision" : "6121b169fb5a83d7262a69b640468606f98c6c6e",
        "version" : "0.5.3-fork.1"
      }
    },
    {
      "identity" : "swift-objc-dump",
      "kind" : "remoteSourceControl",
      "location" : "https://github.com/p-x9/swift-objc-dump.git",
      "state" : {
        "revision" : "1e91dfd4c332f7015f4c46f99df8a53fbb495e20",
        "version" : "0.7.0"
      }
    },
    {
      "identity" : "swift-object-association",
      "kind" : "remoteSourceControl",
      "location" : "https://github.com/p-x9/swift-object-association.git",
      "state" : {
        "revision" : "93806cfecae1f198c894ed5585b93aff0e2d1f5a",
        "version" : "0.5.0"
      }
    },
    {
      "identity" : "swift-syntax",
      "kind" : "remoteSourceControl",
      "location" : "https://github.com/swiftlang/swift-syntax.git",
      "state" : {
        "revision" : "f99ae8aa18f0cf0d53481901f88a0991dc3bd4a2",
        "version" : "601.0.1"
      }
    },
    {
      "identity" : "swiftterm",
      "kind" : "remoteSourceControl",
      "location" : "https://github.com/migueldeicaza/SwiftTerm.git",
      "state" : {
        "revision" : "0b8d99bd19b694df44e1ccaa3891309719d34330",
        "version" : "1.5.1"
      }
    },
    {
      "identity" : "swifttui",
      "kind" : "remoteSourceControl",
      "location" : "https://github.com/rensbreur/SwiftTUI",
      "state" : {
        "branch" : "main",
        "revision" : "537133031bc2b2731048d00748c69700e1b48185"
      }
    },
    {
      "identity" : "termkit",
      "kind" : "remoteSourceControl",
      "location" : "https://github.com/migueldeicaza/TermKit",
      "state" : {
        "branch" : "main",
        "revision" : "6fd4a96b1f310576d8cb1894f8897cbfd4f3ed55"
      }
    },
    {
      "identity" : "textbufferkit",
      "kind" : "remoteSourceControl",
      "location" : "https://github.com/migueldeicaza/TextBufferKit.git",
      "state" : {
        "revision" : "7f3ed5b1d7288de34ad853544d802647be11cfcf",
        "version" : "0.3.0"
      }
    },
    {
      "identity" : "xctest-dynamic-overlay",
      "kind" : "remoteSourceControl",
      "location" : "https://github.com/pointfreeco/xctest-dynamic-overlay",
      "state" : {
        "revision" : "4c27acf5394b645b70d8ba19dc249c0472d5f618",
        "version" : "1.7.0"
      }
    },
    {
      "identity" : "yams",
      "kind" : "remoteSourceControl",
      "location" : "https://github.com/jpsim/Yams",
      "state" : {
        "revision" : "51b5127c7fb6ffac106ad6d199aaa33c5024895f",
        "version" : "6.2.0"
      }
    }
  ],
  "version" : 3
}
